{
    "_meta": {
        "hash": {
            "sha256": "3f209035510720d145d2b80284616faa64ecb4a95b73086641baf3fc237c41a1"
        },
        "pipfile-spec": 6,
        "requires": {
            "python_version": "3.7"
        },
        "sources": [
            {
                "name": "pypi",
                "url": "https://pypi.org/simple",
                "verify_ssl": true
            }
        ]
    },
    "default": {
        "gcloud": {
            "hashes": [
                "sha256:3371992c738cee83a9bf67230e434c811428fcccbcb607696f2d4f76dd0a157e"
            ],
            "version": "==0.17.0"
        },
        "googleapis-common-protos": {
            "hashes": [
                "sha256:e61b8ed5e36b976b487c6e7b15f31bb10c7a0ca7bd5c0e837f4afab64b53a0c6"
            ],
            "version": "==1.6.0"
        },
        "httplib2": {
            "hashes": [
                "sha256:34537dcdd5e0f2386d29e0e2c6d4a1703a3b982d34c198a5102e6e5d6194b107",
                "sha256:409fa5509298f739b34d5a652df762cb0042507dc93f6633e306b11289d6249d"
            ],
            "version": "==0.14.0"
        },
        "jws": {
            "hashes": [
                "sha256:0e3d4cb06ae7c5c1d16d357b4e7acb5c5ecab0cccb3a4b998035b85052488053"
            ],
            "version": "==0.1.3"
        },
        "oauth2client": {
            "hashes": [
                "sha256:5b5b056ec6f2304e7920b632885bd157fa71d1a7f3ddd00a43b1541a8d1a2460"
            ],
            "version": "==3.0.0"
        },
        "protobuf": {
            "hashes": [
                "sha256:125713564d8cfed7610e52444c9769b8dcb0b55e25cc7841f2290ee7bc86636f",
                "sha256:1accdb7a47e51503be64d9a57543964ba674edac103215576399d2d0e34eac77",
                "sha256:27003d12d4f68e3cbea9eb67427cab3bfddd47ff90670cb367fcd7a3a89b9657",
                "sha256:3264f3c431a631b0b31e9db2ae8c927b79fc1a7b1b06b31e8e5bcf2af91fe896",
                "sha256:3c5ab0f5c71ca5af27143e60613729e3488bb45f6d3f143dc918a20af8bab0bf",
                "sha256:45dcf8758873e3f69feab075e5f3177270739f146255225474ee0b90429adef6",
                "sha256:56a77d61a91186cc5676d8e11b36a5feb513873e4ae88d2ee5cf530d52bbcd3b",
                "sha256:5984e4947bbcef5bd849d6244aec507d31786f2dd3344139adc1489fb403b300",
                "sha256:6b0441da73796dd00821763bb4119674eaf252776beb50ae3883bed179a60b2a",
                "sha256:6f6677c5ade94d4fe75a912926d6796d5c71a2a90c2aeefe0d6f211d75c74789",
                "sha256:84a825a9418d7196e2acc48f8746cf1ee75877ed2f30433ab92a133f3eaf8fbe",
                "sha256:b842c34fe043ccf78b4a6cf1019d7b80113707d68c88842d061fa2b8fb6ddedc",
                "sha256:ca33d2f09dae149a1dcf942d2d825ebb06343b77b437198c9e2ef115cf5d5bc1",
                "sha256:db83b5c12c0cd30150bb568e6feb2435c49ce4e68fe2d7b903113f0e221e58fe",
                "sha256:f50f3b1c5c1c1334ca7ce9cad5992f098f460ffd6388a3cabad10b66c2006b09",
                "sha256:f99f127909731cafb841c52f9216e447d3e4afb99b17bebfad327a75aee206de"
            ],
            "version": "==3.10.0"
        },
        "pyasn1": {
            "hashes": [
                "sha256:62cdade8b5530f0b185e09855dd422bc05c0bbff6b72ff61381c09dac7befd8c",
                "sha256:a9495356ca1d66ed197a0f72b41eb1823cf7ea8b5bd07191673e8147aecf8604"
            ],
            "version": "==0.4.7"
        },
        "pyasn1-modules": {
            "hashes": [
                "sha256:0c35a52e00b672f832e5846826f1fb7507907f7d52fba6faa9e3c4cbe874fe4b",
                "sha256:b6ada4f840fe51abf5a6bd545b45bf537bea62221fa0dde2e8a553ed9f06a4e3"
            ],
            "version": "==0.2.7"
        },
        "pycryptodome": {
            "hashes": [
                "sha256:1870d8d3634b51f063314290988eff99e61e5ca24d3ff88216a1438e2c2f8ea4",
                "sha256:4b1697b5787afe8e7fd81b96ff4501376f52cb80fc9dd684f6989ea3b69853f4",
                "sha256:52af28bfb104abae1986214db0e38ce9e5250c7054b7c00ef7bf12b8b149beb6",
                "sha256:602732408900628603aedf376d14670a9fc5e3778e19aea74fcf7731bed77542",
                "sha256:77d2790d2c649dff7b5d25639bba8d11e25c55d79763026fd7c1c0d395b99b2a",
                "sha256:bcaddb2b7a732c3a5a92547a8562c039b36cf6029a4bfa97fc53a74bf165f220",
                "sha256:bcf3a8cbe23bd00197c0860f3806de2538649bb7571b8d26dc5d268cd1c7b0a6",
                "sha256:bdfd5de7ccb7bcf37ec74ec12181f67a1a761f88318258067126827b5ec0d3eb",
                "sha256:c1cecf552234304d618ed6dcf23be19c59ba9de58eb7b2cd03a84bcc847d8b77",
                "sha256:dce7b68a79c9996688daba0ae02499c3b2a35f0d5e08d81156ae66b91c05625a",
                "sha256:f3a24d6756be74dadaff8c460076ab9b24085d92a1a4fa6934c7623bae1dbdfc"
            ],
            "version": "==3.4.3"
        },
        "pyrebase": {
            "hashes": [
                "sha256:0a1fd6efc36ae2e4747e8c3b4e6ad5dc1abfa5729d6465b04c8f148ff6c626c0",
                "sha256:a80f9d2a1b29f3c4eb2b6968d87b3282666dfcd8cbacd7e586b48d9609916463"
            ],
            "index": "pypi",
            "version": "==3.0.27"
        },
        "python-jwt": {
            "hashes": [
                "sha256:6b2d334cfa8af8423d96bff45a00a7bc811d87f460d1e7f4732b3ae90220f02c",
                "sha256:db2a8ad41b816e0c00e0f8ba3c1899675daa26139641a61356579304960533a1"
            ],
            "version": "==2.0.1"
        },
        "requests": {
            "hashes": [
                "sha256:545c4855cd9d7c12671444326337013766f4eea6068c3f0307fb2dc2696d580e",
                "sha256:5acf980358283faba0b897c73959cecf8b841205bb4b2ad3ef545f46eae1a133"
            ],
            "index": "pypi",
            "version": "==2.11.1"
        },
        "requests-toolbelt": {
            "hashes": [
                "sha256:33899d4a559c3f0f5e9fbc115d337c4236febdc083755a160a4132d92fc3c91a",
                "sha256:a0432b1124e6b33151ecf694497b4808690dd94ce68c6648c1daa63b771278c4"
            ],
            "version": "==0.7.0"
        },
        "rsa": {
            "hashes": [
                "sha256:14ba45700ff1ec9eeb206a2ce76b32814958a98e372006c8fb76ba820211be66",
                "sha256:1a836406405730121ae9823e19c6e806c62bbad73f890574fff50efa4122c487"
            ],
            "version": "==4.0"
        },
        "six": {
            "hashes": [
                "sha256:3350809f0555b11f552448330d0b52d5f24c91a322ea4a15ef22629740f3761c",
                "sha256:d16a0141ec1a18405cd4ce8b4613101da75da0e9a7aec5bdd4fa804d0e0eba73"
            ],
            "version": "==1.12.0"
        }
    },
    "develop": {}
}
